{
  "name": "test-generated-artifacts",
  "version": "0.0.1",
  "lockfileVersion": 1,
  "requires": true,
  "dependencies": {
    "@inrupt/solid-common-vocab": {
      "version": "0.5.1",
      "resolved": "https://registry.npmjs.org/@inrupt/solid-common-vocab/-/solid-common-vocab-0.5.1.tgz",
      "integrity": "sha512-jd/d19kEuJa4UzbfYVth+EDF9/UmNPFOO5fvYES/79/B0R1IYE78BqJn8iakmFU3GtEs5GUWHpeTz2cmJ4/R9Q==",
      "requires": {
        "@rdfjs/data-model": "1.1.2",
        "@types/rdf-js": "3.0.3"
      },
      "dependencies": {
        "@rdfjs/data-model": {
          "version": "1.1.2",
          "resolved": "https://registry.npmjs.org/@rdfjs/data-model/-/data-model-1.1.2.tgz",
          "integrity": "sha512-pk/G/JLYGaXesoBLvEmoC/ic0H3B79fTyS0Ujjh5YQB2DZW+mn05ZowFFv88rjB9jf7c1XE5XSmf8jzn6U0HHA==",
          "requires": {
            "@types/rdf-js": "^2.0.1"
          },
          "dependencies": {
            "@types/rdf-js": {
              "version": "2.0.12",
              "resolved": "https://registry.npmjs.org/@types/rdf-js/-/rdf-js-2.0.12.tgz",
              "integrity": "sha512-NBzHFHp2vHOJkPlSqzsOrkEsD9grKn+PdFjZieIw59pc0FlRG6WEQAjQZvHzFxJlYzC6ZDCFyTA1wBvUnnzUQw==",
              "requires": {
                "@types/node": "*"
              }
            }
          }
        }
      }
    },
    "@inrupt/vocab-common-rdf": {
      "version": "0.6.3",
      "resolved": "https://registry.npmjs.org/@inrupt/vocab-common-rdf/-/vocab-common-rdf-0.6.3.tgz",
      "integrity": "sha512-NFh+/GXKtBBKkz4wNTwXg5Oaax1Ie1WRzw0y0MiG6KiKnuna5TRDIPx6iancbhnAusZMqvc2oRxDRrK4tgA/YQ==",
      "requires": {
        "@inrupt/solid-common-vocab": "^0.5.1",
        "@rdfjs/data-model": "^1.1.2",
        "@rdfjs/dataset": "^1.0.1",
        "@rdfjs/namespace": "^1.1.0",
        "@types/rdf-js": "^3.0.3"
      }
    },
    "@inrupt/vocab-common-rdf-rdfjs": {
      "version": "0.6.3",
      "resolved": "https://registry.npmjs.org/@inrupt/vocab-common-rdf-rdfjs/-/vocab-common-rdf-rdfjs-0.6.3.tgz",
      "integrity": "sha512-QJ4WvKukdjDhruaSN7trg+silsl0Zp6XRGScZLAy0NtHMDPT2DeHpaKp8FlooAsgrIXCIeiwG0VOb+7B5Ej3jA==",
      "requires": {
        "@rdfjs/data-model": "^1.1.2",
        "@rdfjs/dataset": "^1.0.1",
        "@rdfjs/namespace": "^1.1.0",
        "@types/rdf-js": "^3.0.3"
      }
    },
    "@inrupt/vocab-inrupt-common": {
      "version": "0.6.3",
      "resolved": "https://registry.npmjs.org/@inrupt/vocab-inrupt-common/-/vocab-inrupt-common-0.6.3.tgz",
      "integrity": "sha512-nqKCgXuYhhIFWNbRB8UAJZet48zNWPucbGPyB55+mJPc61AFsYOUJFCWqoZh44uvwfzWAP9H3g4+v9JtX2l8YQ==",
      "requires": {
        "@inrupt/solid-common-vocab": "^0.5.1",
        "@rdfjs/data-model": "^1.1.2",
        "@rdfjs/dataset": "^1.0.1",
        "@rdfjs/namespace": "^1.1.0",
        "@types/rdf-js": "^3.0.3"
      }
    },
    "@inrupt/vocab-inrupt-common-rdfjs": {
      "version": "0.6.3",
      "resolved": "https://registry.npmjs.org/@inrupt/vocab-inrupt-common-rdfjs/-/vocab-inrupt-common-rdfjs-0.6.3.tgz",
      "integrity": "sha512-EIC4qiyEGua4JcNCRUEj96Bdyp8HyCVp7eB2WdSfbbyQfI6VMtlP0ETJuHY47vyW9jCL7koHocreQqnSiD/u0A==",
      "requires": {
        "@rdfjs/data-model": "^1.1.2",
        "@rdfjs/dataset": "^1.0.1",
        "@rdfjs/namespace": "^1.1.0",
        "@types/rdf-js": "^3.0.3"
      }
    },
    "@inrupt/vocab-solid-common": {
      "version": "0.6.3",
      "resolved": "https://registry.npmjs.org/@inrupt/vocab-solid-common/-/vocab-solid-common-0.6.3.tgz",
      "integrity": "sha512-vb1Yl4FgQZRVK2KakZNFb71MziuhEkfft0HZUT68b9XAXAgZSFMEJ2DfDE1L8/4xNJuDvqHPkvS+3MR3fvPo+Q==",
      "requires": {
        "@inrupt/solid-common-vocab": "^0.5.1",
        "@rdfjs/data-model": "^1.1.2",
        "@rdfjs/dataset": "^1.0.1",
        "@rdfjs/namespace": "^1.1.0",
        "@types/rdf-js": "^3.0.3"
      }
    },
    "@inrupt/vocab-solid-common-rdfext": {
      "version": "0.6.3",
      "resolved": "https://registry.npmjs.org/@inrupt/vocab-solid-common-rdfext/-/vocab-solid-common-rdfext-0.6.3.tgz",
      "integrity": "sha512-y21xYffUTaNHAwNG7nxmxskJUHaCqSrpU+jJt9bIawSeJqpLEhhYUxjCUa//Wl+ARdnGQ7R9i7b17aDgT78zJA==",
      "requires": {
        "@rdfjs/namespace": "^1.1.0"
      },
      "dependencies": {
        "@rdfjs/namespace": {
          "version": "1.1.0",
          "resolved": "https://registry.npmjs.org/@rdfjs/namespace/-/namespace-1.1.0.tgz",
          "integrity": "sha512-utO5rtaOKxk8B90qzaQ0N+J5WrCI28DtfAY/zExCmXE7cOfC5uRI/oMKbLaVEPj2P7uArekt/T4IPATtj7Tjug==",
          "requires": {
            "@rdfjs/data-model": "^1.1.0"
          }
        }
      }
    },
    "@rdfjs/data-model": {
      "version": "1.2.0",
      "resolved": "https://registry.npmjs.org/@rdfjs/data-model/-/data-model-1.2.0.tgz",
      "integrity": "sha512-6ITWcu2sr9zJqXUPDm1XJ8DRpea7PotWBIkTzuO1MCSruLOWH2ICoQOAtlJy30cT+GqH9oAQKPR+CHXejsdizA==",
      "requires": {
        "@types/rdf-js": "*"
      }
    },
    "@rdfjs/dataset": {
      "version": "1.0.1",
      "resolved": "https://registry.npmjs.org/@rdfjs/dataset/-/dataset-1.0.1.tgz",
      "integrity": "sha512-k/c6g4K881QX7LE3eskg6t1j31zDe+CKwTEiKkSCFk6M25gUJ/BReT/FrLdKmPjhXp+YOgHj97AtEphzTeKVeA==",
      "requires": {
        "@rdfjs/data-model": "^1.1.1"
      }
    },
    "@rdfjs/namespace": {
      "version": "1.1.0",
      "resolved": "http://localhost:4873/@rdfjs%2fnamespace/-/namespace-1.1.0.tgz",
      "integrity": "sha512-utO5rtaOKxk8B90qzaQ0N+J5WrCI28DtfAY/zExCmXE7cOfC5uRI/oMKbLaVEPj2P7uArekt/T4IPATtj7Tjug==",
      "requires": {
        "@rdfjs/data-model": "^1.1.0"
      }
    },
    "@types/node": {
      "version": "14.14.6",
      "resolved": "https://registry.npmjs.org/@types/node/-/node-14.14.6.tgz",
      "integrity": "sha512-6QlRuqsQ/Ox/aJEQWBEJG7A9+u7oSYl3mem/K8IzxXG/kAGbV1YPD9Bg9Zw3vyxC/YP+zONKwy8hGkSt1jxFMw=="
    },
    "@types/rdf-js": {
      "version": "3.0.3",
      "resolved": "https://registry.npmjs.org/@types/rdf-js/-/rdf-js-3.0.3.tgz",
      "integrity": "sha512-1dvodNHh/YpLovHA/b046Nu+xERVt0KcYJFQH1A8S4ZcMj+stYtx4ypXw0X2/oatbREUo4JW+cjoBll3CVtwSQ==",
      "requires": {
        "@types/node": "*"
      }
    }
  }
}
